
Microsoft Visual Studio Solution File, Format Version 12.00
# Visual Studio Version 17
VisualStudioVersion = 17.0.31903.59
MinimumVisualStudioVersion = 10.0.40219.1
Project("{2150E333-8FDC-42A3-9474-1A3956D46DE8}") = "Auth", "Auth", "{361BEC85-D828-483A-BD6D-DE8FC07FB43D}"
EndProject
Project("{9A19103F-16F7-4668-BE54-9A1E7A4F7556}") = "AuthService", "Auth\AuthService\AuthService.csproj", "{6CB20917-A0EE-4293-86E7-E141ACF46815}"
EndProject
Project("{9A19103F-16F7-4668-BE54-9A1E7A4F7556}") = "AuthService.Domain", "Auth\AuthService.Domain\AuthService.Domain.csproj", "{66307890-F356-4E3B-8DAE-F221AD5F3126}"
EndProject
Project("{9A19103F-16F7-4668-BE54-9A1E7A4F7556}") = "AuthService.Infrastructure", "Auth\AuthService.Infrastructure\AuthService.Infrastructure.csproj", "{1E3670A0-F6ED-48BA-B95C-BC82CCD82949}"
EndProject
Project("{9A19103F-16F7-4668-BE54-9A1E7A4F7556}") = "AuthService.Application", "Auth\AuthService.Application\AuthService.Application.csproj", "{86024920-EBAE-4EFB-8581-D1BF16DF17E0}"
EndProject
Project("{2150E333-8FDC-42A3-9474-1A3956D46DE8}") = "BuildingBlocks", "BuildingBlocks", "{F87DDB9B-10AF-4534-99E5-EEB69C1E1E8A}"
EndProject
Project("{9A19103F-16F7-4668-BE54-9A1E7A4F7556}") = "SocialAppObjects", "BuildingBlocks\SocialAppObjects\SocialAppObjects.csproj", "{FB49D853-5BD9-441E-9FF8-C4E909CFA63B}"
EndProject
Project("{E53339B2-1760-4266-BCC7-CA923CBCF16C}") = "docker-compose", "docker-compose.dcproj", "{1A1F293F-D917-4BC0-B8C5-16140A06BC53}"
EndProject
Project("{9A19103F-16F7-4668-BE54-9A1E7A4F7556}") = "JwtConfiguration", "BuildingBlocks\JwtConfiguration\JwtConfiguration.csproj", "{0A0E1F2C-F8E4-42FE-A462-DB32F6B7D3AA}"
EndProject
Project("{2150E333-8FDC-42A3-9474-1A3956D46DE8}") = "PostService", "PostService", "{00AB2562-A68B-4A72-B75F-E4F38ED0BF3F}"
EndProject
Project("{9A19103F-16F7-4668-BE54-9A1E7A4F7556}") = "PostService", "PostService\PostService\PostService.csproj", "{47288AC7-BE6F-4D22-BED1-002D67DF32E8}"
EndProject
Project("{9A19103F-16F7-4668-BE54-9A1E7A4F7556}") = "BuildingBlocks", "BuildingBlocks\BuildingBlocks\BuildingBlocks.csproj", "{8FD84AF3-F288-4F9F-AD15-1A9081F898E9}"
EndProject
Project("{9A19103F-16F7-4668-BE54-9A1E7A4F7556}") = "BuildingBlocks.Messaging", "BuildingBlocks\BuildingBlocks.Messaging\BuildingBlocks.Messaging.csproj", "{EBD58169-A7F0-4066-8DA0-C88C753BF837}"
EndProject
Project("{2150E333-8FDC-42A3-9474-1A3956D46DE8}") = "ProfileService", "ProfileService", "{2259BD8E-3CAF-4652-BA4E-43DA8E84AF32}"
EndProject
Project("{9A19103F-16F7-4668-BE54-9A1E7A4F7556}") = "ProfileService", "ProfileService\ProfileService\ProfileService.csproj", "{075703B4-DAC7-4305-8DAD-0294A5675A11}"
EndProject
Project("{2150E333-8FDC-42A3-9474-1A3956D46DE8}") = "FileService", "FileService", "{760B71F4-15BC-49DD-A246-9C9B866B8548}"
EndProject
Project("{9A19103F-16F7-4668-BE54-9A1E7A4F7556}") = "FileService", "FileService\FileService\FileService.csproj", "{949CC271-F42C-4B2D-ADE6-F4A25FE5B2B1}"
EndProject
Project("{2150E333-8FDC-42A3-9474-1A3956D46DE8}") = "MessageService", "MessageService", "{1B68EF6E-62EB-4CC5-A481-D28E704C60DB}"
EndProject
Project("{9A19103F-16F7-4668-BE54-9A1E7A4F7556}") = "MessageService", "MessageService\MessageService\MessageService.csproj", "{B00312E6-7932-4C2C-A81C-27B91D52BD74}"
EndProject
Project("{2150E333-8FDC-42A3-9474-1A3956D46DE8}") = "NotificationService", "NotificationService", "{A3FE17C5-5F95-4656-9B66-B14D275A1596}"
EndProject
Project("{9A19103F-16F7-4668-BE54-9A1E7A4F7556}") = "NotificationService", "NotificationService\NotificationService\NotificationService.csproj", "{EB53BF9C-201E-43A8-82AB-0798D5072C74}"
EndProject
Project("{2150E333-8FDC-42A3-9474-1A3956D46DE8}") = "ApiGateway", "ApiGateway", "{8D6485FD-F8AE-4E69-83F3-07DC38E93321}"
EndProject
Project("{FAE04EC0-301F-11D3-BF4B-00C04F79EFBC}") = "ApiGateway", "ApiGateway\ApiGateway\ApiGateway.csproj", "{9DCE3D42-AC0E-4EE3-A841-6331AFD1B892}"
EndProject
Global
	GlobalSection(SolutionConfigurationPlatforms) = preSolution
		Debug|Any CPU = Debug|Any CPU
		Release|Any CPU = Release|Any CPU
	EndGlobalSection
	GlobalSection(ProjectConfigurationPlatforms) = postSolution
		{6CB20917-A0EE-4293-86E7-E141ACF46815}.Debug|Any CPU.ActiveCfg = Debug|Any CPU
		{6CB20917-A0EE-4293-86E7-E141ACF46815}.Debug|Any CPU.Build.0 = Debug|Any CPU
		{6CB20917-A0EE-4293-86E7-E141ACF46815}.Release|Any CPU.ActiveCfg = Release|Any CPU
		{6CB20917-A0EE-4293-86E7-E141ACF46815}.Release|Any CPU.Build.0 = Release|Any CPU
		{66307890-F356-4E3B-8DAE-F221AD5F3126}.Debug|Any CPU.ActiveCfg = Debug|Any CPU
		{66307890-F356-4E3B-8DAE-F221AD5F3126}.Debug|Any CPU.Build.0 = Debug|Any CPU
		{66307890-F356-4E3B-8DAE-F221AD5F3126}.Release|Any CPU.ActiveCfg = Release|Any CPU
		{66307890-F356-4E3B-8DAE-F221AD5F3126}.Release|Any CPU.Build.0 = Release|Any CPU
		{1E3670A0-F6ED-48BA-B95C-BC82CCD82949}.Debug|Any CPU.ActiveCfg = Debug|Any CPU
		{1E3670A0-F6ED-48BA-B95C-BC82CCD82949}.Debug|Any CPU.Build.0 = Debug|Any CPU
		{1E3670A0-F6ED-48BA-B95C-BC82CCD82949}.Release|Any CPU.ActiveCfg = Release|Any CPU
		{1E3670A0-F6ED-48BA-B95C-BC82CCD82949}.Release|Any CPU.Build.0 = Release|Any CPU
		{86024920-EBAE-4EFB-8581-D1BF16DF17E0}.Debug|Any CPU.ActiveCfg = Debug|Any CPU
		{86024920-EBAE-4EFB-8581-D1BF16DF17E0}.Debug|Any CPU.Build.0 = Debug|Any CPU
		{86024920-EBAE-4EFB-8581-D1BF16DF17E0}.Release|Any CPU.ActiveCfg = Release|Any CPU
		{86024920-EBAE-4EFB-8581-D1BF16DF17E0}.Release|Any CPU.Build.0 = Release|Any CPU
		{FB49D853-5BD9-441E-9FF8-C4E909CFA63B}.Debug|Any CPU.ActiveCfg = Debug|Any CPU
		{FB49D853-5BD9-441E-9FF8-C4E909CFA63B}.Debug|Any CPU.Build.0 = Debug|Any CPU
		{FB49D853-5BD9-441E-9FF8-C4E909CFA63B}.Release|Any CPU.ActiveCfg = Release|Any CPU
		{FB49D853-5BD9-441E-9FF8-C4E909CFA63B}.Release|Any CPU.Build.0 = Release|Any CPU
		{1A1F293F-D917-4BC0-B8C5-16140A06BC53}.Debug|Any CPU.ActiveCfg = Debug|Any CPU
		{1A1F293F-D917-4BC0-B8C5-16140A06BC53}.Debug|Any CPU.Build.0 = Debug|Any CPU
		{1A1F293F-D917-4BC0-B8C5-16140A06BC53}.Release|Any CPU.ActiveCfg = Release|Any CPU
		{1A1F293F-D917-4BC0-B8C5-16140A06BC53}.Release|Any CPU.Build.0 = Release|Any CPU
		{0A0E1F2C-F8E4-42FE-A462-DB32F6B7D3AA}.Debug|Any CPU.ActiveCfg = Debug|Any CPU
		{0A0E1F2C-F8E4-42FE-A462-DB32F6B7D3AA}.Debug|Any CPU.Build.0 = Debug|Any CPU
		{0A0E1F2C-F8E4-42FE-A462-DB32F6B7D3AA}.Release|Any CPU.ActiveCfg = Release|Any CPU
		{0A0E1F2C-F8E4-42FE-A462-DB32F6B7D3AA}.Release|Any CPU.Build.0 = Release|Any CPU
		{47288AC7-BE6F-4D22-BED1-002D67DF32E8}.Debug|Any CPU.ActiveCfg = Debug|Any CPU
		{47288AC7-BE6F-4D22-BED1-002D67DF32E8}.Debug|Any CPU.Build.0 = Debug|Any CPU
		{47288AC7-BE6F-4D22-BED1-002D67DF32E8}.Release|Any CPU.ActiveCfg = Release|Any CPU
		{47288AC7-BE6F-4D22-BED1-002D67DF32E8}.Release|Any CPU.Build.0 = Release|Any CPU
		{8FD84AF3-F288-4F9F-AD15-1A9081F898E9}.Debug|Any CPU.ActiveCfg = Debug|Any CPU
		{8FD84AF3-F288-4F9F-AD15-1A9081F898E9}.Debug|Any CPU.Build.0 = Debug|Any CPU
		{8FD84AF3-F288-4F9F-AD15-1A9081F898E9}.Release|Any CPU.ActiveCfg = Release|Any CPU
		{8FD84AF3-F288-4F9F-AD15-1A9081F898E9}.Release|Any CPU.Build.0 = Release|Any CPU
		{EBD58169-A7F0-4066-8DA0-C88C753BF837}.Debug|Any CPU.ActiveCfg = Debug|Any CPU
		{EBD58169-A7F0-4066-8DA0-C88C753BF837}.Debug|Any CPU.Build.0 = Debug|Any CPU
		{EBD58169-A7F0-4066-8DA0-C88C753BF837}.Release|Any CPU.ActiveCfg = Release|Any CPU
		{EBD58169-A7F0-4066-8DA0-C88C753BF837}.Release|Any CPU.Build.0 = Release|Any CPU
		{075703B4-DAC7-4305-8DAD-0294A5675A11}.Debug|Any CPU.ActiveCfg = Debug|Any CPU
		{075703B4-DAC7-4305-8DAD-0294A5675A11}.Debug|Any CPU.Build.0 = Debug|Any CPU
		{075703B4-DAC7-4305-8DAD-0294A5675A11}.Release|Any CPU.ActiveCfg = Release|Any CPU
		{075703B4-DAC7-4305-8DAD-0294A5675A11}.Release|Any CPU.Build.0 = Release|Any CPU
		{949CC271-F42C-4B2D-ADE6-F4A25FE5B2B1}.Debug|Any CPU.ActiveCfg = Debug|Any CPU
		{949CC271-F42C-4B2D-ADE6-F4A25FE5B2B1}.Debug|Any CPU.Build.0 = Debug|Any CPU
		{949CC271-F42C-4B2D-ADE6-F4A25FE5B2B1}.Release|Any CPU.ActiveCfg = Release|Any CPU
		{949CC271-F42C-4B2D-ADE6-F4A25FE5B2B1}.Release|Any CPU.Build.0 = Release|Any CPU
		{B00312E6-7932-4C2C-A81C-27B91D52BD74}.Debug|Any CPU.ActiveCfg = Debug|Any CPU
		{B00312E6-7932-4C2C-A81C-27B91D52BD74}.Debug|Any CPU.Build.0 = Debug|Any CPU
		{B00312E6-7932-4C2C-A81C-27B91D52BD74}.Release|Any CPU.ActiveCfg = Release|Any CPU
		{B00312E6-7932-4C2C-A81C-27B91D52BD74}.Release|Any CPU.Build.0 = Release|Any CPU
		{EB53BF9C-201E-43A8-82AB-0798D5072C74}.Debug|Any CPU.ActiveCfg = Debug|Any CPU
		{EB53BF9C-201E-43A8-82AB-0798D5072C74}.Debug|Any CPU.Build.0 = Debug|Any CPU
		{EB53BF9C-201E-43A8-82AB-0798D5072C74}.Release|Any CPU.ActiveCfg = Release|Any CPU
		{EB53BF9C-201E-43A8-82AB-0798D5072C74}.Release|Any CPU.Build.0 = Release|Any CPU
		{9DCE3D42-AC0E-4EE3-A841-6331AFD1B892}.Debug|Any CPU.ActiveCfg = Debug|Any CPU
		{9DCE3D42-AC0E-4EE3-A841-6331AFD1B892}.Debug|Any CPU.Build.0 = Debug|Any CPU
		{9DCE3D42-AC0E-4EE3-A841-6331AFD1B892}.Release|Any CPU.ActiveCfg = Release|Any CPU
		{9DCE3D42-AC0E-4EE3-A841-6331AFD1B892}.Release|Any CPU.Build.0 = Release|Any CPU
	EndGlobalSection
	GlobalSection(SolutionProperties) = preSolution
		HideSolutionNode = FALSE
	EndGlobalSection
	GlobalSection(NestedProjects) = preSolution
		{6CB20917-A0EE-4293-86E7-E141ACF46815} = {361BEC85-D828-483A-BD6D-DE8FC07FB43D}
		{66307890-F356-4E3B-8DAE-F221AD5F3126} = {361BEC85-D828-483A-BD6D-DE8FC07FB43D}
		{1E3670A0-F6ED-48BA-B95C-BC82CCD82949} = {361BEC85-D828-483A-BD6D-DE8FC07FB43D}
		{86024920-EBAE-4EFB-8581-D1BF16DF17E0} = {361BEC85-D828-483A-BD6D-DE8FC07FB43D}
		{FB49D853-5BD9-441E-9FF8-C4E909CFA63B} = {F87DDB9B-10AF-4534-99E5-EEB69C1E1E8A}
		{0A0E1F2C-F8E4-42FE-A462-DB32F6B7D3AA} = {F87DDB9B-10AF-4534-99E5-EEB69C1E1E8A}
		{47288AC7-BE6F-4D22-BED1-002D67DF32E8} = {00AB2562-A68B-4A72-B75F-E4F38ED0BF3F}
		{8FD84AF3-F288-4F9F-AD15-1A9081F898E9} = {F87DDB9B-10AF-4534-99E5-EEB69C1E1E8A}
		{EBD58169-A7F0-4066-8DA0-C88C753BF837} = {F87DDB9B-10AF-4534-99E5-EEB69C1E1E8A}
		{075703B4-DAC7-4305-8DAD-0294A5675A11} = {2259BD8E-3CAF-4652-BA4E-43DA8E84AF32}
		{949CC271-F42C-4B2D-ADE6-F4A25FE5B2B1} = {760B71F4-15BC-49DD-A246-9C9B866B8548}
		{B00312E6-7932-4C2C-A81C-27B91D52BD74} = {1B68EF6E-62EB-4CC5-A481-D28E704C60DB}
		{EB53BF9C-201E-43A8-82AB-0798D5072C74} = {A3FE17C5-5F95-4656-9B66-B14D275A1596}
		{9DCE3D42-AC0E-4EE3-A841-6331AFD1B892} = {8D6485FD-F8AE-4E69-83F3-07DC38E93321}
	EndGlobalSection
	GlobalSection(ExtensibilityGlobals) = postSolution
		SolutionGuid = {7182108B-0A8E-443F-9B31-6C9B106BC173}
	EndGlobalSection
EndGlobal
